// !$*UTF8*$!
{
	archiveVersion = 1;
	classes = {
	};
	objectVersion = 56;
	objects = {

/* Begin PBXBuildFile section */
		E64779382A4C926000A9DF1D /* FileStorage.swift in Sources */ = {isa = PBXBuildFile; fileRef = E64779372A4C926000A9DF1D /* FileStorage.swift */; };
		E647793A2A4DBA5900A9DF1D /* RemoteId.swift in Sources */ = {isa = PBXBuildFile; fileRef = E64779392A4DBA5900A9DF1D /* RemoteId.swift */; };
		E647793D2A4DBAF300A9DF1D /* Track+Extensions.swift in Sources */ = {isa = PBXBuildFile; fileRef = E647793C2A4DBAF300A9DF1D /* Track+Extensions.swift */; };
		E6B2577A2A487FDD006BF035 /* MusicApp.swift in Sources */ = {isa = PBXBuildFile; fileRef = E6B257792A487FDD006BF035 /* MusicApp.swift */; };
		E6B2577E2A487FDE006BF035 /* Assets.xcassets in Resources */ = {isa = PBXBuildFile; fileRef = E6B2577D2A487FDE006BF035 /* Assets.xcassets */; };
		E6B257812A487FDE006BF035 /* Preview Assets.xcassets in Resources */ = {isa = PBXBuildFile; fileRef = E6B257802A487FDE006BF035 /* Preview Assets.xcassets */; };
		E6B2578C2A498A6B006BF035 /* TrackListScreen.swift in Sources */ = {isa = PBXBuildFile; fileRef = E6B2578B2A498A6B006BF035 /* TrackListScreen.swift */; };
		E6B2578E2A498A91006BF035 /* Track.swift in Sources */ = {isa = PBXBuildFile; fileRef = E6B2578D2A498A91006BF035 /* Track.swift */; };
		E6B257902A498E7C006BF035 /* TrackService.swift in Sources */ = {isa = PBXBuildFile; fileRef = E6B2578F2A498E7C006BF035 /* TrackService.swift */; };
		E6B257942A498ECA006BF035 /* TrackGoogleDiskService.swift in Sources */ = {isa = PBXBuildFile; fileRef = E6B257932A498ECA006BF035 /* TrackGoogleDiskService.swift */; };
		E6B257972A498F7C006BF035 /* TrackView.swift in Sources */ = {isa = PBXBuildFile; fileRef = E6B257962A498F7C006BF035 /* TrackView.swift */; };
		E6B257992A499327006BF035 /* TrackActionButton.swift in Sources */ = {isa = PBXBuildFile; fileRef = E6B257982A499327006BF035 /* TrackActionButton.swift */; };
		E6B2579C2A49D4F6006BF035 /* TrackMockService.swift in Sources */ = {isa = PBXBuildFile; fileRef = E6B2579B2A49D4F6006BF035 /* TrackMockService.swift */; };
		E6B257A12A49E448006BF035 /* TrackList.swift in Sources */ = {isa = PBXBuildFile; fileRef = E6B257A02A49E448006BF035 /* TrackList.swift */; };
		E6B257A42A4AE927006BF035 /* FileDownloader.swift in Sources */ = {isa = PBXBuildFile; fileRef = E6B257A32A4AE927006BF035 /* FileDownloader.swift */; };
		E6B257A62A4AEC1B006BF035 /* SimpleFileDownloader.swift in Sources */ = {isa = PBXBuildFile; fileRef = E6B257A52A4AEC1B006BF035 /* SimpleFileDownloader.swift */; };
		E6B257A82A4B38B5006BF035 /* TrackListScreenViewModel.swift in Sources */ = {isa = PBXBuildFile; fileRef = E6B257A72A4B38B5006BF035 /* TrackListScreenViewModel.swift */; };
		E6D508302A4B496000AFA9B5 /* Player.swift in Sources */ = {isa = PBXBuildFile; fileRef = E6D5082F2A4B496000AFA9B5 /* Player.swift */; };
/* End PBXBuildFile section */

/* Begin PBXFileReference section */
		E64779372A4C926000A9DF1D /* FileStorage.swift */ = {isa = PBXFileReference; lastKnownFileType = sourcecode.swift; path = FileStorage.swift; sourceTree = "<group>"; };
		E64779392A4DBA5900A9DF1D /* RemoteId.swift */ = {isa = PBXFileReference; lastKnownFileType = sourcecode.swift; path = RemoteId.swift; sourceTree = "<group>"; };
		E647793C2A4DBAF300A9DF1D /* Track+Extensions.swift */ = {isa = PBXFileReference; lastKnownFileType = sourcecode.swift; path = "Track+Extensions.swift"; sourceTree = "<group>"; };
		E6B257762A487FDD006BF035 /* music.app */ = {isa = PBXFileReference; explicitFileType = wrapper.application; includeInIndex = 0; path = music.app; sourceTree = BUILT_PRODUCTS_DIR; };
		E6B257792A487FDD006BF035 /* MusicApp.swift */ = {isa = PBXFileReference; lastKnownFileType = sourcecode.swift; path = MusicApp.swift; sourceTree = "<group>"; };
		E6B2577D2A487FDE006BF035 /* Assets.xcassets */ = {isa = PBXFileReference; lastKnownFileType = folder.assetcatalog; path = Assets.xcassets; sourceTree = "<group>"; };
		E6B257802A487FDE006BF035 /* Preview Assets.xcassets */ = {isa = PBXFileReference; lastKnownFileType = folder.assetcatalog; path = "Preview Assets.xcassets"; sourceTree = "<group>"; };
		E6B2578B2A498A6B006BF035 /* TrackListScreen.swift */ = {isa = PBXFileReference; lastKnownFileType = sourcecode.swift; path = TrackListScreen.swift; sourceTree = "<group>"; };
		E6B2578D2A498A91006BF035 /* Track.swift */ = {isa = PBXFileReference; lastKnownFileType = sourcecode.swift; path = Track.swift; sourceTree = "<group>"; };
		E6B2578F2A498E7C006BF035 /* TrackService.swift */ = {isa = PBXFileReference; lastKnownFileType = sourcecode.swift; path = TrackService.swift; sourceTree = "<group>"; };
		E6B257932A498ECA006BF035 /* TrackGoogleDiskService.swift */ = {isa = PBXFileReference; lastKnownFileType = sourcecode.swift; path = TrackGoogleDiskService.swift; sourceTree = "<group>"; };
		E6B257962A498F7C006BF035 /* TrackView.swift */ = {isa = PBXFileReference; lastKnownFileType = sourcecode.swift; path = TrackView.swift; sourceTree = "<group>"; };
		E6B257982A499327006BF035 /* TrackActionButton.swift */ = {isa = PBXFileReference; lastKnownFileType = sourcecode.swift; path = TrackActionButton.swift; sourceTree = "<group>"; };
		E6B2579B2A49D4F6006BF035 /* TrackMockService.swift */ = {isa = PBXFileReference; lastKnownFileType = sourcecode.swift; path = TrackMockService.swift; sourceTree = "<group>"; };
		E6B257A02A49E448006BF035 /* TrackList.swift */ = {isa = PBXFileReference; lastKnownFileType = sourcecode.swift; path = TrackList.swift; sourceTree = "<group>"; };
		E6B257A32A4AE927006BF035 /* FileDownloader.swift */ = {isa = PBXFileReference; lastKnownFileType = sourcecode.swift; path = FileDownloader.swift; sourceTree = "<group>"; };
		E6B257A52A4AEC1B006BF035 /* SimpleFileDownloader.swift */ = {isa = PBXFileReference; lastKnownFileType = sourcecode.swift; path = SimpleFileDownloader.swift; sourceTree = "<group>"; };
		E6B257A72A4B38B5006BF035 /* TrackListScreenViewModel.swift */ = {isa = PBXFileReference; lastKnownFileType = sourcecode.swift; path = TrackListScreenViewModel.swift; sourceTree = "<group>"; };
		E6D5082F2A4B496000AFA9B5 /* Player.swift */ = {isa = PBXFileReference; lastKnownFileType = sourcecode.swift; path = Player.swift; sourceTree = "<group>"; };
/* End PBXFileReference section */

/* Begin PBXFrameworksBuildPhase section */
		E6B257732A487FDD006BF035 /* Frameworks */ = {
			isa = PBXFrameworksBuildPhase;
			buildActionMask = 2147483647;
			files = (
			);
			runOnlyForDeploymentPostprocessing = 0;
		};
/* End PBXFrameworksBuildPhase section */

/* Begin PBXGroup section */
		E64779362A4C922600A9DF1D /* Storage */ = {
			isa = PBXGroup;
			children = (
				E64779372A4C926000A9DF1D /* FileStorage.swift */,
			);
			path = Storage;
			sourceTree = "<group>";
		};
		E647793B2A4DBAE900A9DF1D /* Extensions */ = {
			isa = PBXGroup;
			children = (
				E647793C2A4DBAF300A9DF1D /* Track+Extensions.swift */,
			);
			path = Extensions;
			sourceTree = "<group>";
		};
		E6B2576D2A487FDD006BF035 = {
			isa = PBXGroup;
			children = (
				E6B257782A487FDD006BF035 /* music */,
				E6B257772A487FDD006BF035 /* Products */,
			);
			sourceTree = "<group>";
		};
		E6B257772A487FDD006BF035 /* Products */ = {
			isa = PBXGroup;
			children = (
				E6B257762A487FDD006BF035 /* music.app */,
			);
			name = Products;
			sourceTree = "<group>";
		};
		E6B257782A487FDD006BF035 /* music */ = {
			isa = PBXGroup;
			children = (
				E6B257882A498A48006BF035 /* Data */,
				E6B2579F2A49E290006BF035 /* Platform */,
				E6B257872A498A3C006BF035 /* Presentation */,
				E6B257792A487FDD006BF035 /* MusicApp.swift */,
				E6B2577D2A487FDE006BF035 /* Assets.xcassets */,
				E6B2577F2A487FDE006BF035 /* Preview Content */,
			);
			path = music;
			sourceTree = "<group>";
		};
		E6B2577F2A487FDE006BF035 /* Preview Content */ = {
			isa = PBXGroup;
			children = (
				E6B257802A487FDE006BF035 /* Preview Assets.xcassets */,
			);
			path = "Preview Content";
			sourceTree = "<group>";
		};
		E6B257872A498A3C006BF035 /* Presentation */ = {
			isa = PBXGroup;
			children = (
				E6B2578A2A498A5C006BF035 /* Screens */,
			);
			path = Presentation;
			sourceTree = "<group>";
		};
		E6B257882A498A48006BF035 /* Data */ = {
			isa = PBXGroup;
			children = (
				E647793B2A4DBAE900A9DF1D /* Extensions */,
				E6B257912A498EB0006BF035 /* TrackService */,
			);
			path = Data;
			sourceTree = "<group>";
		};
		E6B257892A498A51006BF035 /* TrackList */ = {
			isa = PBXGroup;
			children = (
				E6B257952A498F70006BF035 /* View */,
				E6B2578B2A498A6B006BF035 /* TrackListScreen.swift */,
				E6B257A72A4B38B5006BF035 /* TrackListScreenViewModel.swift */,
			);
			path = TrackList;
			sourceTree = "<group>";
		};
		E6B2578A2A498A5C006BF035 /* Screens */ = {
			isa = PBXGroup;
			children = (
				E6B257892A498A51006BF035 /* TrackList */,
			);
			path = Screens;
			sourceTree = "<group>";
		};
		E6B257912A498EB0006BF035 /* TrackService */ = {
			isa = PBXGroup;
			children = (
				E6B257A22A49E453006BF035 /* Entities */,
				E6B2579A2A49D4EB006BF035 /* Mock */,
				E6B257922A498EBB006BF035 /* GoogleDisk */,
				E6B2578F2A498E7C006BF035 /* TrackService.swift */,
			);
			path = TrackService;
			sourceTree = "<group>";
		};
		E6B257922A498EBB006BF035 /* GoogleDisk */ = {
			isa = PBXGroup;
			children = (
				E6B257932A498ECA006BF035 /* TrackGoogleDiskService.swift */,
			);
			path = GoogleDisk;
			sourceTree = "<group>";
		};
		E6B257952A498F70006BF035 /* View */ = {
			isa = PBXGroup;
			children = (
				E6B257962A498F7C006BF035 /* TrackView.swift */,
				E6B257982A499327006BF035 /* TrackActionButton.swift */,
			);
			path = View;
			sourceTree = "<group>";
		};
		E6B2579A2A49D4EB006BF035 /* Mock */ = {
			isa = PBXGroup;
			children = (
				E6B2579B2A49D4F6006BF035 /* TrackMockService.swift */,
			);
			path = Mock;
			sourceTree = "<group>";
		};
		E6B2579D2A49E25D006BF035 /* Downloader */ = {
			isa = PBXGroup;
			children = (
				E6B257A32A4AE927006BF035 /* FileDownloader.swift */,
				E6B257A52A4AEC1B006BF035 /* SimpleFileDownloader.swift */,
			);
			path = Downloader;
			sourceTree = "<group>";
		};
		E6B2579F2A49E290006BF035 /* Platform */ = {
			isa = PBXGroup;
			children = (
				E64779362A4C922600A9DF1D /* Storage */,
				E6D5082E2A4B495100AFA9B5 /* Player */,
				E6B2579D2A49E25D006BF035 /* Downloader */,
			);
			path = Platform;
			sourceTree = "<group>";
		};
		E6B257A22A49E453006BF035 /* Entities */ = {
			isa = PBXGroup;
			children = (
				E64779392A4DBA5900A9DF1D /* RemoteId.swift */,
				E6B2578D2A498A91006BF035 /* Track.swift */,
				E6B257A02A49E448006BF035 /* TrackList.swift */,
			);
			path = Entities;
			sourceTree = "<group>";
		};
		E6D5082E2A4B495100AFA9B5 /* Player */ = {
			isa = PBXGroup;
			children = (
				E6D5082F2A4B496000AFA9B5 /* Player.swift */,
			);
			path = Player;
			sourceTree = "<group>";
		};
/* End PBXGroup section */

/* Begin PBXNativeTarget section */
		E6B257752A487FDD006BF035 /* music */ = {
			isa = PBXNativeTarget;
			buildConfigurationList = E6B257842A487FDE006BF035 /* Build configuration list for PBXNativeTarget "music" */;
			buildPhases = (
				E6B257722A487FDD006BF035 /* Sources */,
				E6B257732A487FDD006BF035 /* Frameworks */,
				E6B257742A487FDD006BF035 /* Resources */,
			);
			buildRules = (
			);
			dependencies = (
			);
			name = music;
			productName = music;
			productReference = E6B257762A487FDD006BF035 /* music.app */;
			productType = "com.apple.product-type.application";
		};
/* End PBXNativeTarget section */

/* Begin PBXProject section */
		E6B2576E2A487FDD006BF035 /* Project object */ = {
			isa = PBXProject;
			attributes = {
				BuildIndependentTargetsInParallel = 1;
				LastSwiftUpdateCheck = 1430;
				LastUpgradeCheck = 1430;
				TargetAttributes = {
					E6B257752A487FDD006BF035 = {
						CreatedOnToolsVersion = 14.3.1;
					};
				};
			};
			buildConfigurationList = E6B257712A487FDD006BF035 /* Build configuration list for PBXProject "music" */;
			compatibilityVersion = "Xcode 14.0";
			developmentRegion = en;
			hasScannedForEncodings = 0;
			knownRegions = (
				en,
				Base,
			);
			mainGroup = E6B2576D2A487FDD006BF035;
			productRefGroup = E6B257772A487FDD006BF035 /* Products */;
			projectDirPath = "";
			projectRoot = "";
			targets = (
				E6B257752A487FDD006BF035 /* music */,
			);
		};
/* End PBXProject section */

/* Begin PBXResourcesBuildPhase section */
		E6B257742A487FDD006BF035 /* Resources */ = {
			isa = PBXResourcesBuildPhase;
			buildActionMask = 2147483647;
			files = (
				E6B257812A487FDE006BF035 /* Preview Assets.xcassets in Resources */,
				E6B2577E2A487FDE006BF035 /* Assets.xcassets in Resources */,
			);
			runOnlyForDeploymentPostprocessing = 0;
		};
/* End PBXResourcesBuildPhase section */

/* Begin PBXSourcesBuildPhase section */
		E6B257722A487FDD006BF035 /* Sources */ = {
			isa = PBXSourcesBuildPhase;
			buildActionMask = 2147483647;
			files = (
				E6B257A42A4AE927006BF035 /* FileDownloader.swift in Sources */,
				E647793D2A4DBAF300A9DF1D /* Track+Extensions.swift in Sources */,
				E6B257A12A49E448006BF035 /* TrackList.swift in Sources */,
				E6B2578E2A498A91006BF035 /* Track.swift in Sources */,
				E6B257992A499327006BF035 /* TrackActionButton.swift in Sources */,
				E6B2579C2A49D4F6006BF035 /* TrackMockService.swift in Sources */,
				E64779382A4C926000A9DF1D /* FileStorage.swift in Sources */,
				E6D508302A4B496000AFA9B5 /* Player.swift in Sources */,
				E6B257972A498F7C006BF035 /* TrackView.swift in Sources */,
				E6B2577A2A487FDD006BF035 /* MusicApp.swift in Sources */,
				E6B257A62A4AEC1B006BF035 /* SimpleFileDownloader.swift in Sources */,
				E6B257942A498ECA006BF035 /* TrackGoogleDiskService.swift in Sources */,
				E6B2578C2A498A6B006BF035 /* TrackListScreen.swift in Sources */,
				E647793A2A4DBA5900A9DF1D /* RemoteId.swift in Sources */,
				E6B257A82A4B38B5006BF035 /* TrackListScreenViewModel.swift in Sources */,
				E6B257902A498E7C006BF035 /* TrackService.swift in Sources */,
			);
			runOnlyForDeploymentPostprocessing = 0;
		};
/* End PBXSourcesBuildPhase section */

/* Begin XCBuildConfiguration section */
		E6B257822A487FDE006BF035 /* Debug */ = {
			isa = XCBuildConfiguration;
			buildSettings = {
				ALWAYS_SEARCH_USER_PATHS = NO;
				CLANG_ANALYZER_NONNULL = YES;
				CLANG_ANALYZER_NUMBER_OBJECT_CONVERSION = YES_AGGRESSIVE;
				CLANG_CXX_LANGUAGE_STANDARD = "gnu++20";
				CLANG_ENABLE_MODULES = YES;
				CLANG_ENABLE_OBJC_ARC = YES;
				CLANG_ENABLE_OBJC_WEAK = YES;
				CLANG_WARN_BLOCK_CAPTURE_AUTORELEASING = YES;
				CLANG_WARN_BOOL_CONVERSION = YES;
				CLANG_WARN_COMMA = YES;
				CLANG_WARN_CONSTANT_CONVERSION = YES;
				CLANG_WARN_DEPRECATED_OBJC_IMPLEMENTATIONS = YES;
				CLANG_WARN_DIRECT_OBJC_ISA_USAGE = YES_ERROR;
				CLANG_WARN_DOCUMENTATION_COMMENTS = YES;
				CLANG_WARN_EMPTY_BODY = YES;
				CLANG_WARN_ENUM_CONVERSION = YES;
				CLANG_WARN_INFINITE_RECURSION = YES;
				CLANG_WARN_INT_CONVERSION = YES;
				CLANG_WARN_NON_LITERAL_NULL_CONVERSION = YES;
				CLANG_WARN_OBJC_IMPLICIT_RETAIN_SELF = YES;
				CLANG_WARN_OBJC_LITERAL_CONVERSION = YES;
				CLANG_WARN_OBJC_ROOT_CLASS = YES_ERROR;
				CLANG_WARN_QUOTED_INCLUDE_IN_FRAMEWORK_HEADER = YES;
				CLANG_WARN_RANGE_LOOP_ANALYSIS = YES;
				CLANG_WARN_STRICT_PROTOTYPES = YES;
				CLANG_WARN_SUSPICIOUS_MOVE = YES;
				CLANG_WARN_UNGUARDED_AVAILABILITY = YES_AGGRESSIVE;
				CLANG_WARN_UNREACHABLE_CODE = YES;
				CLANG_WARN__DUPLICATE_METHOD_MATCH = YES;
				COPY_PHASE_STRIP = NO;
				DEBUG_INFORMATION_FORMAT = dwarf;
				ENABLE_STRICT_OBJC_MSGSEND = YES;
				ENABLE_TESTABILITY = YES;
				GCC_C_LANGUAGE_STANDARD = gnu11;
				GCC_DYNAMIC_NO_PIC = NO;
				GCC_NO_COMMON_BLOCKS = YES;
				GCC_OPTIMIZATION_LEVEL = 0;
				GCC_PREPROCESSOR_DEFINITIONS = (
					"DEBUG=1",
					"$(inherited)",
				);
				GCC_WARN_64_TO_32_BIT_CONVERSION = YES;
				GCC_WARN_ABOUT_RETURN_TYPE = YES_ERROR;
				GCC_WARN_UNDECLARED_SELECTOR = YES;
				GCC_WARN_UNINITIALIZED_AUTOS = YES_AGGRESSIVE;
				GCC_WARN_UNUSED_FUNCTION = YES;
				GCC_WARN_UNUSED_VARIABLE = YES;
				IPHONEOS_DEPLOYMENT_TARGET = 16.4;
				MTL_ENABLE_DEBUG_INFO = INCLUDE_SOURCE;
				MTL_FAST_MATH = YES;
				ONLY_ACTIVE_ARCH = YES;
				SDKROOT = iphoneos;
				SWIFT_ACTIVE_COMPILATION_CONDITIONS = DEBUG;
				SWIFT_OPTIMIZATION_LEVEL = "-Onone";
			};
			name = Debug;
		};
		E6B257832A487FDE006BF035 /* Release */ = {
			isa = XCBuildConfiguration;
			buildSettings = {
				ALWAYS_SEARCH_USER_PATHS = NO;
				CLANG_ANALYZER_NONNULL = YES;
				CLANG_ANALYZER_NUMBER_OBJECT_CONVERSION = YES_AGGRESSIVE;
				CLANG_CXX_LANGUAGE_STANDARD = "gnu++20";
				CLANG_ENABLE_MODULES = YES;
				CLANG_ENABLE_OBJC_ARC = YES;
				CLANG_ENABLE_OBJC_WEAK = YES;
				CLANG_WARN_BLOCK_CAPTURE_AUTORELEASING = YES;
				CLANG_WARN_BOOL_CONVERSION = YES;
				CLANG_WARN_COMMA = YES;
				CLANG_WARN_CONSTANT_CONVERSION = YES;
				CLANG_WARN_DEPRECATED_OBJC_IMPLEMENTATIONS = YES;
				CLANG_WARN_DIRECT_OBJC_ISA_USAGE = YES_ERROR;
				CLANG_WARN_DOCUMENTATION_COMMENTS = YES;
				CLANG_WARN_EMPTY_BODY = YES;
				CLANG_WARN_ENUM_CONVERSION = YES;
				CLANG_WARN_INFINITE_RECURSION = YES;
				CLANG_WARN_INT_CONVERSION = YES;
				CLANG_WARN_NON_LITERAL_NULL_CONVERSION = YES;
				CLANG_WARN_OBJC_IMPLICIT_RETAIN_SELF = YES;
				CLANG_WARN_OBJC_LITERAL_CONVERSION = YES;
				CLANG_WARN_OBJC_ROOT_CLASS = YES_ERROR;
				CLANG_WARN_QUOTED_INCLUDE_IN_FRAMEWORK_HEADER = YES;
				CLANG_WARN_RANGE_LOOP_ANALYSIS = YES;
				CLANG_WARN_STRICT_PROTOTYPES = YES;
				CLANG_WARN_SUSPICIOUS_MOVE = YES;
				CLANG_WARN_UNGUARDED_AVAILABILITY = YES_AGGRESSIVE;
				CLANG_WARN_UNREACHABLE_CODE = YES;
				CLANG_WARN__DUPLICATE_METHOD_MATCH = YES;
				COPY_PHASE_STRIP = NO;
				DEBUG_INFORMATION_FORMAT = "dwarf-with-dsym";
				ENABLE_NS_ASSERTIONS = NO;
				ENABLE_STRICT_OBJC_MSGSEND = YES;
				GCC_C_LANGUAGE_STANDARD = gnu11;
				GCC_NO_COMMON_BLOCKS = YES;
				GCC_WARN_64_TO_32_BIT_CONVERSION = YES;
				GCC_WARN_ABOUT_RETURN_TYPE = YES_ERROR;
				GCC_WARN_UNDECLARED_SELECTOR = YES;
				GCC_WARN_UNINITIALIZED_AUTOS = YES_AGGRESSIVE;
				GCC_WARN_UNUSED_FUNCTION = YES;
				GCC_WARN_UNUSED_VARIABLE = YES;
				IPHONEOS_DEPLOYMENT_TARGET = 16.4;
				MTL_ENABLE_DEBUG_INFO = NO;
				MTL_FAST_MATH = YES;
				SDKROOT = iphoneos;
				SWIFT_COMPILATION_MODE = wholemodule;
				SWIFT_OPTIMIZATION_LEVEL = "-O";
				VALIDATE_PRODUCT = YES;
			};
			name = Release;
		};
		E6B257852A487FDE006BF035 /* Debug */ = {
			isa = XCBuildConfiguration;
			buildSettings = {
				ASSETCATALOG_COMPILER_APPICON_NAME = AppIcon;
				ASSETCATALOG_COMPILER_GLOBAL_ACCENT_COLOR_NAME = AccentColor;
				CODE_SIGN_STYLE = Automatic;
				CURRENT_PROJECT_VERSION = 1;
				DEVELOPMENT_ASSET_PATHS = "\"music/Preview Content\"";
				DEVELOPMENT_TEAM = UABCUKG5HN;
				ENABLE_PREVIEWS = YES;
				GENERATE_INFOPLIST_FILE = YES;
				INFOPLIST_KEY_UIApplicationSceneManifest_Generation = YES;
				INFOPLIST_KEY_UIApplicationSupportsIndirectInputEvents = YES;
				INFOPLIST_KEY_UILaunchScreen_Generation = YES;
				INFOPLIST_KEY_UISupportedInterfaceOrientations_iPad = "UIInterfaceOrientationPortrait UIInterfaceOrientationPortraitUpsideDown UIInterfaceOrientationLandscapeLeft UIInterfaceOrientationLandscapeRight";
				INFOPLIST_KEY_UISupportedInterfaceOrientations_iPhone = "UIInterfaceOrientationPortrait UIInterfaceOrientationLandscapeLeft UIInterfaceOrientationLandscapeRight";
				IPHONEOS_DEPLOYMENT_TARGET = 14.7;
				LD_RUNPATH_SEARCH_PATHS = (
					"$(inherited)",
					"@executable_path/Frameworks",
				);
				MARKETING_VERSION = 1.0;
				PRODUCT_BUNDLE_IDENTIFIER = com.sashkyn.music;
				PRODUCT_NAME = "$(TARGET_NAME)";
				SWIFT_EMIT_LOC_STRINGS = YES;
				SWIFT_VERSION = 5.0;
				TARGETED_DEVICE_FAMILY = "1,2";
			};
			name = Debug;
		};
		E6B257862A487FDE006BF035 /* Release */ = {
			isa = XCBuildConfiguration;
			buildSettings = {
				ASSETCATALOG_COMPILER_APPICON_NAME = AppIcon;
				ASSETCATALOG_COMPILER_GLOBAL_ACCENT_COLOR_NAME = AccentColor;
				CODE_SIGN_STYLE = Automatic;
				CURRENT_PROJECT_VERSION = 1;
				DEVELOPMENT_ASSET_PATHS = "\"music/Preview Content\"";
				DEVELOPMENT_TEAM = UABCUKG5HN;
				ENABLE_PREVIEWS = YES;
				GENERATE_INFOPLIST_FILE = YES;
				INFOPLIST_KEY_UIApplicationSceneManifest_Generation = YES;
				INFOPLIST_KEY_UIApplicationSupportsIndirectInputEvents = YES;
				INFOPLIST_KEY_UILaunchScreen_Generation = YES;
				INFOPLIST_KEY_UISupportedInterfaceOrientations_iPad = "UIInterfaceOrientationPortrait UIInterfaceOrientationPortraitUpsideDown UIInterfaceOrientationLandscapeLeft UIInterfaceOrientationLandscapeRight";
				INFOPLIST_KEY_UISupportedInterfaceOrientations_iPhone = "UIInterfaceOrientationPortrait UIInterfaceOrientationLandscapeLeft UIInterfaceOrientationLandscapeRight";
				IPHONEOS_DEPLOYMENT_TARGET = 14.7;
				LD_RUNPATH_SEARCH_PATHS = (
					"$(inherited)",
					"@executable_path/Frameworks",
				);
				MARKETING_VERSION = 1.0;
				PRODUCT_BUNDLE_IDENTIFIER = com.sashkyn.music;
				PRODUCT_NAME = "$(TARGET_NAME)";
				SWIFT_EMIT_LOC_STRINGS = YES;
				SWIFT_VERSION = 5.0;
				TARGETED_DEVICE_FAMILY = "1,2";
			};
			name = Release;
		};
/* End XCBuildConfiguration section */

/* Begin XCConfigurationList section */
		E6B257712A487FDD006BF035 /* Build configuration list for PBXProject "music" */ = {
			isa = XCConfigurationList;
			buildConfigurations = (
				E6B257822A487FDE006BF035 /* Debug */,
				E6B257832A487FDE006BF035 /* Release */,
			);
			defaultConfigurationIsVisible = 0;
			defaultConfigurationName = Release;
		};
		E6B257842A487FDE006BF035 /* Build configuration list for PBXNativeTarget "music" */ = {
			isa = XCConfigurationList;
			buildConfigurations = (
				E6B257852A487FDE006BF035 /* Debug */,
				E6B257862A487FDE006BF035 /* Release */,
			);
			defaultConfigurationIsVisible = 0;
			defaultConfigurationName = Release;
		};
/* End XCConfigurationList section */
	};
	rootObject = E6B2576E2A487FDD006BF035 /* Project object */;
}
